{
  "name": "git-ssh",
  "lockfileVersion": 3,
  "requires": true,
  "packages": {
    "": {
      "devDependencies": {
        "bats": "1.13.0",
        "npm-check-updates": "23.1.0"
      }
    },
    "node_modules/bats": {
      "version": "1.13.0",
      "resolved": "https://registry.npmjs.org/bats/-/bats-1.13.0.tgz",
      "integrity": "sha512-giSYKGTOcPZyJDbfbTtzAedLcNWdjCLbXYU3/MwPnjyvDXzu6Dgw8d2M+8jHhZXSmsCMSQqCp+YBsJ603UO4vQ==",
      "dev": true,
      "license": "MIT",
      "bin": {
        "bats": "bin/bats"
      }
    },
    "node_modules/npm-check-updates": {
      "version": "23.1.0",
      "resolved": "https://registry.npmjs.org/npm-check-updates/-/npm-check-updates-23.1.0.tgz",
      "integrity": "sha512-u6Odx/JDpDXNqXp5pPsVN0RhuWkNrBe4Sz26J7yWJcEadopKhQgcB+bFq2PK35iJY6vc6h1PbnXmnwfiOFQl/w==",
      "dev": true,
      "license": "Apache-2.0",
      "bin": {
        "ncu": "build/cli.js",
        "npm-check-updates": "build/cli.js"
      },
      "engines": {
        "node": "^22.22.2 || ^24.15.0 || >=26.0.0",
        "npm": ">=10.0.0"
      }
    }
  }
}
